
Microsoft Visual Studio Solution File, Format Version 12.00
# Visual Studio Version 16
VisualStudioVersion = 16.0.29709.97
MinimumVisualStudioVersion = 10.0.40219.1
Project("{FAE04EC0-301F-11D3-BF4B-00C04F79EFBC}") = "Asg3-xxy180008", "Asg3-xxy180008.csproj", "{B18E8B46-7147-42AC-968B-5B65E233E231}"
EndProject
Global
	GlobalSection(SolutionConfigurationPlatforms) = preSolution
		Debug|Any CPU = Debug|Any CPU
		Release|Any CPU = Release|Any CPU
	EndGlobalSection
	GlobalSection(ProjectConfigurationPlatforms) = postSolution
		{B18E8B46-7147-42AC-968B-5B65E233E231}.Debug|Any CPU.ActiveCfg = Debug|Any CPU
		{B18E8B46-7147-42AC-968B-5B65E233E231}.Debug|Any CPU.Build.0 = Debug|Any CPU
		{B18E8B46-7147-42AC-968B-5B65E233E231}.Release|Any CPU.ActiveCfg = Release|Any CPU
		{B18E8B46-7147-42AC-968B-5B65E233E231}.Release|Any CPU.Build.0 = Release|Any CPU
	EndGlobalSection
	GlobalSection(SolutionProperties) = preSolution
		HideSolutionNode = FALSE
	EndGlobalSection
	GlobalSection(ExtensibilityGlobals) = postSolution
		SolutionGuid = {CAF8ED8D-C4AD-4D71-A2A0-D2D787BF8E0B}
	EndGlobalSection
EndGlobal
